
Microsoft Visual Studio Solution File, Format Version 12.00
# Visual Studio 14
VisualStudioVersion = 14.0.25420.1
MinimumVisualStudioVersion = 10.0.40219.1
Project("{FAE04EC0-301F-11D3-BF4B-00C04F79EFBC}") = "W41_UDPBroadcastReciever_RPSensor", "W41_UDPBroadcastReciever_RPSensor\W41_UDPBroadcastReciever_RPSensor.csproj", "{6E85954F-13FC-4399-A80C-C4AF78D77CB9}"
EndProject
Project("{FAE04EC0-301F-11D3-BF4B-00C04F79EFBC}") = "W41WCFSoapSensor", "W41WCFSoapSensor\W41WCFSoapSensor.csproj", "{016D0618-3B2D-48CA-84EE-FD0EAD407C50}"
EndProject
Global
	GlobalSection(SolutionConfigurationPlatforms) = preSolution
		Debug|Any CPU = Debug|Any CPU
		Release|Any CPU = Release|Any CPU
	EndGlobalSection
	GlobalSection(ProjectConfigurationPlatforms) = postSolution
		{6E85954F-13FC-4399-A80C-C4AF78D77CB9}.Debug|Any CPU.ActiveCfg = Debug|Any CPU
		{6E85954F-13FC-4399-A80C-C4AF78D77CB9}.Debug|Any CPU.Build.0 = Debug|Any CPU
		{6E85954F-13FC-4399-A80C-C4AF78D77CB9}.Release|Any CPU.ActiveCfg = Release|Any CPU
		{6E85954F-13FC-4399-A80C-C4AF78D77CB9}.Release|Any CPU.Build.0 = Release|Any CPU
		{016D0618-3B2D-48CA-84EE-FD0EAD407C50}.Debug|Any CPU.ActiveCfg = Debug|Any CPU
		{016D0618-3B2D-48CA-84EE-FD0EAD407C50}.Debug|Any CPU.Build.0 = Debug|Any CPU
		{016D0618-3B2D-48CA-84EE-FD0EAD407C50}.Release|Any CPU.ActiveCfg = Release|Any CPU
		{016D0618-3B2D-48CA-84EE-FD0EAD407C50}.Release|Any CPU.Build.0 = Release|Any CPU
	EndGlobalSection
	GlobalSection(SolutionProperties) = preSolution
		HideSolutionNode = FALSE
	EndGlobalSection
EndGlobal
